<?xml version="1.0" encoding="utf-8"?>
<Project ToolsVersion="4.0" xmlns="http://schemas.microsoft.com/developer/msbuild/2003">
  <ItemGroup>
    <Filter Include="Source Files">
      <UniqueIdentifier>{4FC737F1-C7A5-4376-A066-2A32D752A2FF}</UniqueIdentifier>
      <Extensions>cpp;c;cc;cxx;def;odl;idl;hpj;bat;asm;asmx</Extensions>
    </Filter>
    <Filter Include="Header Files">
      <UniqueIdentifier>{93995380-89BD-4b04-88EB-625FBE52EBFB}</UniqueIdentifier>
      <Extensions>h;hh;hpp;hxx;hm;inl;inc;xsd</Extensions>
    </Filter>
    <Filter Include="Resource Files">
      <UniqueIdentifier>{67DA6AB6-F800-4c08-8B7A-83BB121AAD01}</UniqueIdentifier>
      <Extensions>rc;ico;cur;bmp;dlg;rc2;rct;bin;rgs;gif;jpg;jpeg;jpe;resx;tiff;tif;png;wav</Extensions>
    </Filter>
  </ItemGroup>
  <ItemGroup>
    <ClCompile Include="access.c">
      <Filter>Source Files</Filter>
    </ClCompile>
    <ClCompile Include="env_set.c">
      <Filter>Source Files</Filter>
    </ClCompile>
    <ClCompile Include="localization.c">
      <Filter>Source Files</Filter>
    </ClCompile>
    <ClCompile Include="main.c">
      <Filter>Source Files</Filter>
    </ClCompile>
    <ClCompile Include="manage.c">
      <Filter>Source Files</Filter>
    </ClCompile>
    <ClCompile Include="misc.c">
      <Filter>Source Files</Filter>
    </ClCompile>
    <ClCompile Include="openvpn.c">
      <Filter>Source Files</Filter>
    </ClCompile>
    <ClCompile Include="openvpn_config.c">
      <Filter>Source Files</Filter>
    </ClCompile>
    <ClCompile Include="options.c">
      <Filter>Source Files</Filter>
    </ClCompile>
    <ClCompile Include="passphrase.c">
      <Filter>Source Files</Filter>
    </ClCompile>
    <ClCompile Include="proxy.c">
      <Filter>Source Files</Filter>
    </ClCompile>
    <ClCompile Include="registry.c">
      <Filter>Source Files</Filter>
    </ClCompile>
    <ClCompile Include="save_pass.c">
      <Filter>Source Files</Filter>
    </ClCompile>
    <ClCompile Include="scripts.c">
      <Filter>Source Files</Filter>
    </ClCompile>
    <ClCompile Include="service.c">
      <Filter>Source Files</Filter>
    </ClCompile>
    <ClCompile Include="tray.c">
      <Filter>Source Files</Filter>
    </ClCompile>
    <ClCompile Include="viewlog.c">
      <Filter>Source Files</Filter>
    </ClCompile>
  </ItemGroup>
  <ItemGroup>
    <ClInclude Include="access.h">
      <Filter>Header Files</Filter>
    </ClInclude>
    <ClInclude Include="chartable.h">
      <Filter>Header Files</Filter>
    </ClInclude>
    <ClInclude Include="env_set.h">
      <Filter>Header Files</Filter>
    </ClInclude>
    <ClInclude Include="localization.h">
      <Filter>Header Files</Filter>
    </ClInclude>
    <ClInclude Include="main.h">
      <Filter>Header Files</Filter>
    </ClInclude>
    <ClInclude Include="manage.h">
      <Filter>Header Files</Filter>
    </ClInclude>
    <ClInclude Include="misc.h">
      <Filter>Header Files</Filter>
    </ClInclude>
    <ClInclude Include="openvpn-gui-res.h">
      <Filter>Header Files</Filter>
    </ClInclude>
    <ClInclude Include="openvpn.h">
      <Filter>Header Files</Filter>
    </ClInclude>
    <ClInclude Include="openvpn_config.h">
      <Filter>Header Files</Filter>
    </ClInclude>
    <ClInclude Include="options.h">
      <Filter>Header Files</Filter>
    </ClInclude>
    <ClInclude Include="passphrase.h">
      <Filter>Header Files</Filter>
    </ClInclude>
    <ClInclude Include="proxy.h">
      <Filter>Header Files</Filter>
    </ClInclude>
    <ClInclude Include="registry.h">
      <Filter>Header Files</Filter>
    </ClInclude>
    <ClInclude Include="save_pass.h">
      <Filter>Header Files</Filter>
    </ClInclude>
    <ClInclude Include="scripts.h">
      <Filter>Header Files</Filter>
    </ClInclude>
    <ClInclude Include="service.h">
      <Filter>Header Files</Filter>
    </ClInclude>
    <ClInclude Include="tray.h">
      <Filter>Header Files</Filter>
    </ClInclude>
    <ClInclude Include="viewlog.h">
      <Filter>Header Files</Filter>
    </ClInclude>
    <ClInclude Include="config-msvc.h">
      <Filter>Header Files</Filter>
    </ClInclude>
  </ItemGroup>
  <ItemGroup>
    <ResourceCompile Include="res\openvpn-gui-res.rc">
      <Filter>Resource Files</Filter>
    </ResourceCompile>
  </ItemGroup>
</Project>